Microsoft Visual Studio Solution File, Format Version 12.00
# Visual Studio 2013
VisualStudioVersion = 12.0.31101.0
MinimumVisualStudioVersion = 10.0.40219.1
Project("{FAE04EC0-301F-11D3-BF4B-00C04F79EFBC}") = "InterfaceGraphique", "InterfaceGraphique\InterfaceGraphique.csproj", "{B861DACD-1D37-4C9D-A1D0-3468C9072C74}"
	ProjectSection(ProjectDependencies) = postProject
		{67188F6B-27BE-4E93-A7EF-C512656343A1} = {67188F6B-27BE-4E93-A7EF-C512656343A1}
	EndProjectSection
EndProject
Project("{8BC9CEB8-8B4A-11D0-8D11-00A0C91BC942}") = "Utilitaire", "..\Commun\Utilitaire\Utilitaire.vcxproj", "{BB8C9C8A-3B65-4599-B4FE-CA965EE76D2A}"
EndProject
Project("{8BC9CEB8-8B4A-11D0-8D11-00A0C91BC942}") = "Noyau", "DLL\Noyau.vcxproj", "{67188F6B-27BE-4E93-A7EF-C512656343A1}"
EndProject
Project("{FAE04EC0-301F-11D3-BF4B-00C04F79EFBC}") = "MainMenu", "MainMenu\MainMenu.csproj", "{752E8A63-744C-48F5-B1DF-7196A59E280C}"
EndProject
Global
	GlobalSection(SolutionConfigurationPlatforms) = preSolution
		Debug|Any CPU = Debug|Any CPU
		Debug|Mixed Platforms = Debug|Mixed Platforms
		Debug|x64 = Debug|x64
		Release|Any CPU = Release|Any CPU
		Release|Mixed Platforms = Release|Mixed Platforms
		Release|x64 = Release|x64
	EndGlobalSection
	GlobalSection(ProjectConfigurationPlatforms) = postSolution
		{B861DACD-1D37-4C9D-A1D0-3468C9072C74}.Debug|Any CPU.ActiveCfg = Debug|Any CPU
		{B861DACD-1D37-4C9D-A1D0-3468C9072C74}.Debug|Any CPU.Build.0 = Debug|Any CPU
		{B861DACD-1D37-4C9D-A1D0-3468C9072C74}.Debug|Mixed Platforms.ActiveCfg = Debug|Any CPU
		{B861DACD-1D37-4C9D-A1D0-3468C9072C74}.Debug|Mixed Platforms.Build.0 = Debug|Any CPU
		{B861DACD-1D37-4C9D-A1D0-3468C9072C74}.Debug|x64.ActiveCfg = Debug|Any CPU
		{B861DACD-1D37-4C9D-A1D0-3468C9072C74}.Debug|x64.Build.0 = Debug|Any CPU
		{B861DACD-1D37-4C9D-A1D0-3468C9072C74}.Release|Any CPU.ActiveCfg = Release|Any CPU
		{B861DACD-1D37-4C9D-A1D0-3468C9072C74}.Release|Any CPU.Build.0 = Release|Any CPU
		{B861DACD-1D37-4C9D-A1D0-3468C9072C74}.Release|Mixed Platforms.ActiveCfg = Release|Any CPU
		{B861DACD-1D37-4C9D-A1D0-3468C9072C74}.Release|Mixed Platforms.Build.0 = Release|Any CPU
		{B861DACD-1D37-4C9D-A1D0-3468C9072C74}.Release|x64.ActiveCfg = Release|Any CPU
		{B861DACD-1D37-4C9D-A1D0-3468C9072C74}.Release|x64.Build.0 = Release|Any CPU
		{BB8C9C8A-3B65-4599-B4FE-CA965EE76D2A}.Debug|Any CPU.ActiveCfg = Debug|x64
		{BB8C9C8A-3B65-4599-B4FE-CA965EE76D2A}.Debug|Mixed Platforms.ActiveCfg = Debug|x64
		{BB8C9C8A-3B65-4599-B4FE-CA965EE76D2A}.Debug|Mixed Platforms.Build.0 = Debug|x64
		{BB8C9C8A-3B65-4599-B4FE-CA965EE76D2A}.Debug|x64.ActiveCfg = Debug|x64
		{BB8C9C8A-3B65-4599-B4FE-CA965EE76D2A}.Debug|x64.Build.0 = Debug|x64
		{BB8C9C8A-3B65-4599-B4FE-CA965EE76D2A}.Release|Any CPU.ActiveCfg = Release|x64
		{BB8C9C8A-3B65-4599-B4FE-CA965EE76D2A}.Release|Mixed Platforms.ActiveCfg = Release|x64
		{BB8C9C8A-3B65-4599-B4FE-CA965EE76D2A}.Release|Mixed Platforms.Build.0 = Release|x64
		{BB8C9C8A-3B65-4599-B4FE-CA965EE76D2A}.Release|x64.ActiveCfg = Release|x64
		{BB8C9C8A-3B65-4599-B4FE-CA965EE76D2A}.Release|x64.Build.0 = Release|x64
		{67188F6B-27BE-4E93-A7EF-C512656343A1}.Debug|Any CPU.ActiveCfg = Debug|x64
		{67188F6B-27BE-4E93-A7EF-C512656343A1}.Debug|Mixed Platforms.ActiveCfg = Debug|x64
		{67188F6B-27BE-4E93-A7EF-C512656343A1}.Debug|Mixed Platforms.Build.0 = Debug|x64
		{67188F6B-27BE-4E93-A7EF-C512656343A1}.Debug|x64.ActiveCfg = Debug|x64
		{67188F6B-27BE-4E93-A7EF-C512656343A1}.Debug|x64.Build.0 = Debug|x64
		{67188F6B-27BE-4E93-A7EF-C512656343A1}.Release|Any CPU.ActiveCfg = Release|x64
		{67188F6B-27BE-4E93-A7EF-C512656343A1}.Release|Mixed Platforms.ActiveCfg = Release|x64
		{67188F6B-27BE-4E93-A7EF-C512656343A1}.Release|Mixed Platforms.Build.0 = Release|x64
		{67188F6B-27BE-4E93-A7EF-C512656343A1}.Release|x64.ActiveCfg = Release|x64
		{67188F6B-27BE-4E93-A7EF-C512656343A1}.Release|x64.Build.0 = Release|x64
		{752E8A63-744C-48F5-B1DF-7196A59E280C}.Debug|Any CPU.ActiveCfg = Debug|Any CPU
		{752E8A63-744C-48F5-B1DF-7196A59E280C}.Debug|Any CPU.Build.0 = Debug|Any CPU
		{752E8A63-744C-48F5-B1DF-7196A59E280C}.Debug|Mixed Platforms.ActiveCfg = Debug|Any CPU
		{752E8A63-744C-48F5-B1DF-7196A59E280C}.Debug|Mixed Platforms.Build.0 = Debug|Any CPU
		{752E8A63-744C-48F5-B1DF-7196A59E280C}.Debug|x64.ActiveCfg = Debug|Any CPU
		{752E8A63-744C-48F5-B1DF-7196A59E280C}.Release|Any CPU.ActiveCfg = Release|Any CPU
		{752E8A63-744C-48F5-B1DF-7196A59E280C}.Release|Any CPU.Build.0 = Release|Any CPU
		{752E8A63-744C-48F5-B1DF-7196A59E280C}.Release|Mixed Platforms.ActiveCfg = Release|Any CPU
		{752E8A63-744C-48F5-B1DF-7196A59E280C}.Release|Mixed Platforms.Build.0 = Release|Any CPU
		{752E8A63-744C-48F5-B1DF-7196A59E280C}.Release|x64.ActiveCfg = Release|Any CPU
	EndGlobalSection
	GlobalSection(SolutionProperties) = preSolution
		HideSolutionNode = FALSE
	EndGlobalSection
EndGlobal
