<?xml version="1.0" encoding="utf-8"?>
<Project ToolsVersion="4.0" xmlns="http://schemas.microsoft.com/developer/msbuild/2003">
  <ItemGroup>
    <Filter Include="Source Files">
      <UniqueIdentifier>{4FC737F1-C7A5-4376-A066-2A32D752A2FF}</UniqueIdentifier>
      <Extensions>cpp;c;cc;cxx;def;odl;idl;hpj;bat;asm;asmx</Extensions>
    </Filter>
    <Filter Include="Source Files\Application">
      <UniqueIdentifier>{4a324388-bea8-423a-bc50-ccdf2fef915c}</UniqueIdentifier>
    </Filter>
    <Filter Include="Source Files\Interface">
      <UniqueIdentifier>{c6bd3f9c-d667-48a1-8aae-154a5de4c711}</UniqueIdentifier>
    </Filter>
    <Filter Include="Source Files\Arbre">
      <UniqueIdentifier>{7472a721-0254-4bca-944a-d230f0ffb5ea}</UniqueIdentifier>
    </Filter>
    <Filter Include="Source Files\Arbre\Usines">
      <UniqueIdentifier>{ad5ae0d0-5415-47db-a98a-9a074962b455}</UniqueIdentifier>
    </Filter>
    <Filter Include="Source Files\Arbre\Noeuds">
      <UniqueIdentifier>{673b2491-ee8e-448a-877c-dcffa5036e36}</UniqueIdentifier>
    </Filter>
    <Filter Include="Header Files">
      <UniqueIdentifier>{93995380-89BD-4b04-88EB-625FBE52EBFB}</UniqueIdentifier>
      <Extensions>h;hpp;hxx;hm;inl;inc;xsd</Extensions>
    </Filter>
    <Filter Include="Header Files\Application">
      <UniqueIdentifier>{c845f3fe-60ec-4b69-870e-1b94806be78e}</UniqueIdentifier>
    </Filter>
    <Filter Include="Header Files\Interface">
      <UniqueIdentifier>{6c8e2c48-de9f-4091-bc76-fed408577f6f}</UniqueIdentifier>
    </Filter>
    <Filter Include="Header Files\Arbre">
      <UniqueIdentifier>{824db547-4831-4bb7-b7f2-70d05299ed49}</UniqueIdentifier>
    </Filter>
    <Filter Include="Header Files\Arbre\Usines">
      <UniqueIdentifier>{2d7e83f6-88e0-4835-a145-53a4c662829e}</UniqueIdentifier>
    </Filter>
    <Filter Include="Header Files\Arbre\Noeuds">
      <UniqueIdentifier>{adf7252c-e0c2-4e7e-9194-a254f846e61d}</UniqueIdentifier>
    </Filter>
    <Filter Include="Resource Files">
      <UniqueIdentifier>{67DA6AB6-F800-4c08-8B7A-83BB121AAD01}</UniqueIdentifier>
      <Extensions>rc;ico;cur;bmp;dlg;rc2;rct;bin;rgs;gif;jpg;jpeg;jpe;resx;tiff;tif;png;wav</Extensions>
    </Filter>
    <Filter Include="Header Files\Tests">
      <UniqueIdentifier>{0dbbcffd-49b5-4878-a09c-22650c7a5093}</UniqueIdentifier>
    </Filter>
    <Filter Include="Source Files\Tests">
      <UniqueIdentifier>{d13df2a5-057c-4e3f-b7b4-d458ca9ae3b6}</UniqueIdentifier>
    </Filter>
    <Filter Include="Header Files\Visiteurs">
      <UniqueIdentifier>{cb6c0b55-33b3-451e-b3cd-21f090a4fecc}</UniqueIdentifier>
    </Filter>
    <Filter Include="Source Files\Visiteurs">
      <UniqueIdentifier>{41f69bc3-3b6b-43f1-a252-b0933053dc84}</UniqueIdentifier>
    </Filter>
    <Filter Include="Header Files\Configuration">
      <UniqueIdentifier>{86298388-2cbb-48aa-b833-ba4d8e56b696}</UniqueIdentifier>
    </Filter>
    <Filter Include="Source Files\Configuration">
      <UniqueIdentifier>{370dbc50-e3f3-4479-b4aa-1906a0109d05}</UniqueIdentifier>
    </Filter>
    <Filter Include="Source Files\QuadTree">
      <UniqueIdentifier>{3d3767f2-2533-4d0a-a251-ecddad309587}</UniqueIdentifier>
    </Filter>
    <Filter Include="Header Files\QuadTree">
      <UniqueIdentifier>{b21453d8-97af-4097-a421-1e5548145fad}</UniqueIdentifier>
    </Filter>
    <Filter Include="Header Files\Global">
      <UniqueIdentifier>{48887700-5cdf-473d-8801-6a2e8c1dfe41}</UniqueIdentifier>
    </Filter>
    <Filter Include="Source Files\Global">
      <UniqueIdentifier>{d4d41da7-5c04-45fd-890d-9d66d60df0d7}</UniqueIdentifier>
    </Filter>
  </ItemGroup>
  <ItemGroup>
    <ClCompile Include="Application\FacadeModele.cpp">
      <Filter>Source Files\Application</Filter>
    </ClCompile>
    <ClCompile Include="Arbre\ArbreRendu.cpp">
      <Filter>Source Files\Arbre</Filter>
    </ClCompile>
    <ClCompile Include="Arbre\ArbreRenduINF2990.cpp">
      <Filter>Source Files\Arbre</Filter>
    </ClCompile>
    <ClCompile Include="Arbre\Noeuds\NoeudAbstrait.cpp">
      <Filter>Source Files\Arbre\Noeuds</Filter>
    </ClCompile>
    <ClCompile Include="Arbre\Noeuds\NoeudComposite.cpp">
      <Filter>Source Files\Arbre\Noeuds</Filter>
    </ClCompile>
    <ClCompile Include="Tests\NoeudAbstraitTest.cpp">
      <Filter>Source Files\Tests</Filter>
    </ClCompile>
    <ClCompile Include="Tests\BancTests.cpp">
      <Filter>Source Files\Tests</Filter>
    </ClCompile>
    <ClCompile Include="Tests\NoeudCompositeTest.cpp">
      <Filter>Source Files\Tests</Filter>
    </ClCompile>
    <ClCompile Include="Interface\FacadeInterfaceNative.cpp">
      <Filter>Source Files\Interface</Filter>
    </ClCompile>
    <ClCompile Include="Arbre\Noeuds\NoeudTrou.cpp">
      <Filter>Source Files\Arbre\Noeuds</Filter>
    </ClCompile>
    <ClCompile Include="Arbre\Noeuds\NoeudRessort.cpp">
      <Filter>Source Files\Arbre\Noeuds</Filter>
    </ClCompile>
    <ClCompile Include="Arbre\Noeuds\NoeudPortail.cpp">
      <Filter>Source Files\Arbre\Noeuds</Filter>
    </ClCompile>
    <ClCompile Include="Arbre\Noeuds\NoeudMur.cpp">
      <Filter>Source Files\Arbre\Noeuds</Filter>
    </ClCompile>
    <ClCompile Include="Arbre\Noeuds\NoeudGenerateurBille.cpp">
      <Filter>Source Files\Arbre\Noeuds</Filter>
    </ClCompile>
    <ClCompile Include="Arbre\Noeuds\NoeudCible.cpp">
      <Filter>Source Files\Arbre\Noeuds</Filter>
    </ClCompile>
    <ClCompile Include="Visiteurs\VisiteurDeplacement.cpp">
      <Filter>Source Files\Visiteurs</Filter>
    </ClCompile>
    <ClCompile Include="Arbre\Noeuds\NoeudVide.cpp">
      <Filter>Source Files\Arbre\Noeuds</Filter>
    </ClCompile>
    <ClCompile Include="Visiteurs\VisiteurAgrandissement.cpp">
      <Filter>Source Files\Visiteurs</Filter>
    </ClCompile>
    <ClCompile Include="Arbre\Noeuds\NoeudTable.cpp">
      <Filter>Source Files\Arbre\Noeuds</Filter>
    </ClCompile>
    <ClCompile Include="Visiteurs\VisiteurSelection.cpp">
      <Filter>Source Files\Visiteurs</Filter>
    </ClCompile>
    <ClCompile Include="Arbre\Noeuds\NoeudBille.cpp">
      <Filter>Source Files\Arbre\Noeuds</Filter>
    </ClCompile>
    <ClCompile Include="Arbre\Noeuds\NoeudButoirCirculaire.cpp">
      <Filter>Source Files\Arbre\Noeuds</Filter>
    </ClCompile>
    <ClCompile Include="Visiteurs\VisiteurXML.cpp">
      <Filter>Source Files\Visiteurs</Filter>
    </ClCompile>
    <ClCompile Include="Visiteurs\VisiteurCentreDeMasse.cpp">
      <Filter>Source Files\Visiteurs</Filter>
    </ClCompile>
    <ClCompile Include="Visiteurs\VisiteurRotationPoint.cpp">
      <Filter>Source Files\Visiteurs</Filter>
    </ClCompile>
    <ClCompile Include="Visiteurs\VisiteurSelectionMultiple.cpp">
      <Filter>Source Files\Visiteurs</Filter>
    </ClCompile>
    <ClCompile Include="Visiteurs\VisiteurDuplication.cpp">
      <Filter>Source Files\Visiteurs</Filter>
    </ClCompile>
    <ClCompile Include="Arbre\Noeuds\NoeudCouvercle.cpp">
      <Filter>Source Files\Arbre\Noeuds</Filter>
    </ClCompile>
    <ClCompile Include="Visiteurs\VisiteurSelectionInverse.cpp">
      <Filter>Source Files\Visiteurs</Filter>
    </ClCompile>
    <ClCompile Include="Visiteurs\VisiteurDeselectionnerTout.cpp">
      <Filter>Source Files\Visiteurs</Filter>
    </ClCompile>
    <ClCompile Include="Visiteurs\VisiteurSuppression.cpp">
      <Filter>Source Files\Visiteurs</Filter>
    </ClCompile>
    <ClCompile Include="Visiteurs\VisiteurSelectionInverseMultiple.cpp">
      <Filter>Source Files\Visiteurs</Filter>
    </ClCompile>
    <ClCompile Include="Visiteurs\VisiteurLimitesSelection.cpp">
      <Filter>Source Files\Visiteurs</Filter>
    </ClCompile>
    <ClCompile Include="Visiteurs\VisiteurListeEnglobante.cpp">
      <Filter>Source Files\Visiteurs</Filter>
    </ClCompile>
    <ClCompile Include="Arbre\Noeuds\NoeudPaletteD.cpp">
      <Filter>Source Files\Arbre\Noeuds</Filter>
    </ClCompile>
    <ClCompile Include="Arbre\Noeuds\NoeudPaletteG.cpp">
      <Filter>Source Files\Arbre\Noeuds</Filter>
    </ClCompile>
    <ClCompile Include="Arbre\Noeuds\NoeudButoirD.cpp">
      <Filter>Source Files\Arbre\Noeuds</Filter>
    </ClCompile>
    <ClCompile Include="Arbre\Noeuds\NoeudButoirG.cpp">
      <Filter>Source Files\Arbre\Noeuds</Filter>
    </ClCompile>
    <ClCompile Include="Visiteurs\VisiteurPossibilite.cpp">
      <Filter>Source Files\Visiteurs</Filter>
    </ClCompile>
    <ClCompile Include="Tests\ArbreRenduINF2990Test.cpp">
      <Filter>Source Files\Tests</Filter>
    </ClCompile>
    <ClCompile Include="Tests\TestUtilitaire.cpp">
      <Filter>Source Files\Tests</Filter>
    </ClCompile>
    <ClCompile Include="Configuration\ConfigScene.cpp">
      <Filter>Source Files\Configuration</Filter>
    </ClCompile>
    <ClCompile Include="QuadTree\QuadTree.cpp">
      <Filter>Source Files\QuadTree</Filter>
    </ClCompile>
    <ClCompile Include="Visiteurs\VisiteurConstruireListes.cpp">
      <Filter>Source Files\Visiteurs</Filter>
    </ClCompile>
    <ClCompile Include="Visiteurs\VisiteurPause.cpp">
      <Filter>Source Files\Visiteurs</Filter>
    </ClCompile>
    <ClCompile Include="Visiteurs\VisiteurDebug.cpp">
      <Filter>Source Files\Visiteurs</Filter>
    </ClCompile>
    <ClCompile Include="Arbre\Noeuds\NoeudPortailTorus.cpp">
      <Filter>Source Files\Arbre\Noeuds</Filter>
    </ClCompile>
    <ClCompile Include="Global\SingletonGlobal.cpp">
      <Filter>Source Files\Global</Filter>
    </ClCompile>
    <ClCompile Include="Global\JoueurVirtuel.cpp">
      <Filter>Source Files\Global</Filter>
    </ClCompile>
  </ItemGroup>
  <ItemGroup>
    <ClInclude Include="Application\FacadeModele.h">
      <Filter>Header Files\Application</Filter>
    </ClInclude>
    <ClInclude Include="Arbre\ArbreRendu.h">
      <Filter>Header Files\Arbre</Filter>
    </ClInclude>
    <ClInclude Include="Arbre\ArbreRenduINF2990.h">
      <Filter>Header Files\Arbre</Filter>
    </ClInclude>
    <ClInclude Include="Arbre\Usines\UsineNoeud.h">
      <Filter>Header Files\Arbre\Usines</Filter>
    </ClInclude>
    <ClInclude Include="Arbre\Noeuds\NoeudAbstrait.h">
      <Filter>Header Files\Arbre\Noeuds</Filter>
    </ClInclude>
    <ClInclude Include="Arbre\Noeuds\NoeudComposite.h">
      <Filter>Header Files\Arbre\Noeuds</Filter>
    </ClInclude>
    <ClInclude Include="Tests\NoeudAbstraitTest.h">
      <Filter>Header Files\Tests</Filter>
    </ClInclude>
    <ClInclude Include="Tests\BancTests.h">
      <Filter>Header Files\Tests</Filter>
    </ClInclude>
    <ClInclude Include="Tests\NoeudCompositeTest.h">
      <Filter>Header Files\Tests</Filter>
    </ClInclude>
    <ClInclude Include="Interface\FacadeInterfaceNative.h">
      <Filter>Header Files\Interface</Filter>
    </ClInclude>
    <ClInclude Include="Arbre\Noeuds\NoeudCible.h">
      <Filter>Header Files\Arbre\Noeuds</Filter>
    </ClInclude>
    <ClInclude Include="Arbre\Noeuds\NoeudGenerateurBille.h">
      <Filter>Header Files\Arbre\Noeuds</Filter>
    </ClInclude>
    <ClInclude Include="Arbre\Noeuds\NoeudMur.h">
      <Filter>Header Files\Arbre\Noeuds</Filter>
    </ClInclude>
    <ClInclude Include="Arbre\Noeuds\NoeudPortail.h">
      <Filter>Header Files\Arbre\Noeuds</Filter>
    </ClInclude>
    <ClInclude Include="Arbre\Noeuds\NoeudRessort.h">
      <Filter>Header Files\Arbre\Noeuds</Filter>
    </ClInclude>
    <ClInclude Include="Arbre\Noeuds\NoeudTrou.h">
      <Filter>Header Files\Arbre\Noeuds</Filter>
    </ClInclude>
    <ClInclude Include="Arbre\Usines\UsineNoeudCible.h">
      <Filter>Header Files\Arbre\Usines</Filter>
    </ClInclude>
    <ClInclude Include="Arbre\Usines\UsineNoeudGenerateurBille.h">
      <Filter>Header Files\Arbre\Usines</Filter>
    </ClInclude>
    <ClInclude Include="Arbre\Usines\UsineNoeudMur.h">
      <Filter>Header Files\Arbre\Usines</Filter>
    </ClInclude>
    <ClInclude Include="Arbre\Usines\UsineNoeudPortail.h">
      <Filter>Header Files\Arbre\Usines</Filter>
    </ClInclude>
    <ClInclude Include="Arbre\Usines\UsineNoeudRessort.h">
      <Filter>Header Files\Arbre\Usines</Filter>
    </ClInclude>
    <ClInclude Include="Arbre\Usines\UsineNoeudTrou.h">
      <Filter>Header Files\Arbre\Usines</Filter>
    </ClInclude>
    <ClInclude Include="Visiteurs\VisiteurAbstrait.h">
      <Filter>Header Files\Visiteurs</Filter>
    </ClInclude>
    <ClInclude Include="Visiteurs\VisiteurDeplacement.h">
      <Filter>Header Files\Visiteurs</Filter>
    </ClInclude>
    <ClInclude Include="Arbre\Noeuds\NoeudVide.h">
      <Filter>Header Files\Arbre\Noeuds</Filter>
    </ClInclude>
    <ClInclude Include="Arbre\Usines\UsineNoeudVide.h">
      <Filter>Header Files\Arbre\Usines</Filter>
    </ClInclude>
    <ClInclude Include="Visiteurs\VisiteurAgrandissement.h">
      <Filter>Header Files\Visiteurs</Filter>
    </ClInclude>
    <ClInclude Include="Arbre\Noeuds\NoeudTable.h">
      <Filter>Header Files\Arbre\Noeuds</Filter>
    </ClInclude>
    <ClInclude Include="Arbre\Usines\UsineNoeudTable.h">
      <Filter>Header Files\Arbre\Usines</Filter>
    </ClInclude>
    <ClInclude Include="Visiteurs\VisiteurSelection.h">
      <Filter>Header Files\Visiteurs</Filter>
    </ClInclude>
    <ClInclude Include="Arbre\Usines\UsineNoeudBille.h">
      <Filter>Header Files\Arbre\Usines</Filter>
    </ClInclude>
    <ClInclude Include="Arbre\Noeuds\NoeudBille.h">
      <Filter>Header Files\Arbre\Noeuds</Filter>
    </ClInclude>
    <ClInclude Include="Arbre\Noeuds\NoeudButoirCirculaire.h">
      <Filter>Header Files\Arbre\Noeuds</Filter>
    </ClInclude>
    <ClInclude Include="Arbre\Usines\UsineNoeudButoirCirculaire.h">
      <Filter>Header Files\Arbre\Usines</Filter>
    </ClInclude>
    <ClInclude Include="Visiteurs\VisiteurXML.h">
      <Filter>Header Files\Visiteurs</Filter>
    </ClInclude>
    <ClInclude Include="Visiteurs\VisiteurCentreDeMasse.h">
      <Filter>Header Files\Visiteurs</Filter>
    </ClInclude>
    <ClInclude Include="Visiteurs\VisiteurRotationPoint.h">
      <Filter>Header Files\Visiteurs</Filter>
    </ClInclude>
    <ClInclude Include="Visiteurs\VisiteurSelectionMultiple.h">
      <Filter>Header Files\Visiteurs</Filter>
    </ClInclude>
    <ClInclude Include="Visiteurs\VisiteurDuplication.h">
      <Filter>Header Files\Visiteurs</Filter>
    </ClInclude>
    <ClInclude Include="Arbre\Noeuds\NoeudCouvercle.h">
      <Filter>Header Files\Arbre\Noeuds</Filter>
    </ClInclude>
    <ClInclude Include="Arbre\Usines\UsineNoeudCouvercle.h">
      <Filter>Header Files\Arbre\Usines</Filter>
    </ClInclude>
    <ClInclude Include="Visiteurs\VisiteurSelectionInverse.h">
      <Filter>Header Files\Visiteurs</Filter>
    </ClInclude>
    <ClInclude Include="Visiteurs\VisiteurDeselectionnerTout.h">
      <Filter>Header Files\Visiteurs</Filter>
    </ClInclude>
    <ClInclude Include="Visiteurs\VisiteurSuppression.h">
      <Filter>Header Files\Visiteurs</Filter>
    </ClInclude>
    <ClInclude Include="Visiteurs\VisiteurSelectionInverseMultiple.h">
      <Filter>Header Files\Visiteurs</Filter>
    </ClInclude>
    <ClInclude Include="Visiteurs\VisiteurLimitesSelection.h">
      <Filter>Header Files\Visiteurs</Filter>
    </ClInclude>
    <ClInclude Include="Visiteurs\VisiteurListeEnglobante.h">
      <Filter>Header Files\Visiteurs</Filter>
    </ClInclude>
    <ClInclude Include="Arbre\Usines\UsineNoeudPaletteD.h">
      <Filter>Header Files\Arbre\Usines</Filter>
    </ClInclude>
    <ClInclude Include="Arbre\Noeuds\NoeudPaletteD.h">
      <Filter>Header Files\Arbre\Noeuds</Filter>
    </ClInclude>
    <ClInclude Include="Arbre\Usines\UsineNoeudPaletteG.h">
      <Filter>Header Files\Arbre\Usines</Filter>
    </ClInclude>
    <ClInclude Include="Arbre\Usines\UsineNoeudButoirD.h">
      <Filter>Header Files\Arbre\Usines</Filter>
    </ClInclude>
    <ClInclude Include="Arbre\Noeuds\NoeudButoirD.h">
      <Filter>Header Files\Arbre\Noeuds</Filter>
    </ClInclude>
    <ClInclude Include="Arbre\Usines\UsineNoeudButoirG.h">
      <Filter>Header Files\Arbre\Usines</Filter>
    </ClInclude>
    <ClInclude Include="Arbre\Noeuds\NoeudButoirG.h">
      <Filter>Header Files\Arbre\Noeuds</Filter>
    </ClInclude>
    <ClInclude Include="Visiteurs\VisiteurPossibilite.h">
      <Filter>Header Files\Visiteurs</Filter>
    </ClInclude>
    <ClInclude Include="Arbre\Noeuds\NoeudPaletteG.h">
      <Filter>Header Files\Arbre\Noeuds</Filter>
    </ClInclude>
    <ClInclude Include="Tests\ArbreRenduINF2990Test.h">
      <Filter>Header Files\Tests</Filter>
    </ClInclude>
    <ClInclude Include="Arbre\Noeuds\NoeudPaletteG.h">
      <Filter>Header Files\Arbre\Noeuds</Filter>
    </ClInclude>
    <ClInclude Include="Tests\TestUtilitaire.h">
      <Filter>Header Files\Tests</Filter>
    </ClInclude>
    <ClInclude Include="Configuration\ConfigScene.h">
      <Filter>Header Files\Configuration</Filter>
    </ClInclude>
    <ClInclude Include="QuadTree\QuadTree.h">
      <Filter>Header Files\QuadTree</Filter>
    </ClInclude>
    <ClInclude Include="Visiteurs\VisiteurConstruireListes.h">
      <Filter>Header Files\Visiteurs</Filter>
    </ClInclude>
    <ClInclude Include="Visiteurs\VisiteurPause.h">
      <Filter>Header Files\Visiteurs</Filter>
    </ClInclude>
    <ClInclude Include="Visiteurs\VisiteurDebug.h">
      <Filter>Header Files\Visiteurs</Filter>
    </ClInclude>
    <ClInclude Include="Arbre\Usines\UsineNoeudPortailTorus.h">
      <Filter>Header Files\Arbre\Usines</Filter>
    </ClInclude>
    <ClInclude Include="Arbre\Noeuds\NoeudPortailTorus.h">
      <Filter>Header Files\Arbre\Noeuds</Filter>
    </ClInclude>
    <ClInclude Include="Global\SingletonGlobal.h">
      <Filter>Header Files\Global</Filter>
    </ClInclude>
    <ClInclude Include="Global\JoueurVirtuel.h">
      <Filter>Header Files\Global</Filter>
    </ClInclude>
  </ItemGroup>
</Project>